// !$*UTF8*$!
{
	archiveVersion = 1;
	classes = {
	};
	objectVersion = 50;
	objects = {

/* Begin PBXBuildFile section */
		E659B07F21D2FAA400928D60 /* AppDelegate.swift in Sources */ = {isa = PBXBuildFile; fileRef = E659B07E21D2FAA400928D60 /* AppDelegate.swift */; };
		E659B08621D2FAA500928D60 /* Assets.xcassets in Resources */ = {isa = PBXBuildFile; fileRef = E659B08521D2FAA500928D60 /* Assets.xcassets */; };
		E659B08921D2FAA500928D60 /* LaunchScreen.storyboard in Resources */ = {isa = PBXBuildFile; fileRef = E659B08721D2FAA500928D60 /* LaunchScreen.storyboard */; };
		E659B09421D2FAA500928D60 /* DoorDashDemoTests.swift in Sources */ = {isa = PBXBuildFile; fileRef = E659B09321D2FAA500928D60 /* DoorDashDemoTests.swift */; };
		E659B0A721D2FC5200928D60 /* PickLocationOnMapPresenter.swift in Sources */ = {isa = PBXBuildFile; fileRef = E659B0A121D2FC5200928D60 /* PickLocationOnMapPresenter.swift */; };
		E659B0A821D2FC5200928D60 /* PickLocationOnMapWorker.swift in Sources */ = {isa = PBXBuildFile; fileRef = E659B0A221D2FC5200928D60 /* PickLocationOnMapWorker.swift */; };
		E659B0A921D2FC5200928D60 /* PickLocationOnMapRouter.swift in Sources */ = {isa = PBXBuildFile; fileRef = E659B0A321D2FC5200928D60 /* PickLocationOnMapRouter.swift */; };
		E659B0AA21D2FC5200928D60 /* PickLocationOnMapModels.swift in Sources */ = {isa = PBXBuildFile; fileRef = E659B0A421D2FC5200928D60 /* PickLocationOnMapModels.swift */; };
		E659B0AB21D2FC5200928D60 /* PickLocationOnMapViewController.swift in Sources */ = {isa = PBXBuildFile; fileRef = E659B0A521D2FC5200928D60 /* PickLocationOnMapViewController.swift */; };
		E659B0AC21D2FC5200928D60 /* PickLocationOnMapInteractor.swift in Sources */ = {isa = PBXBuildFile; fileRef = E659B0A621D2FC5200928D60 /* PickLocationOnMapInteractor.swift */; };
		E659B0B321D2FC8500928D60 /* RestarantsListPresenter.swift in Sources */ = {isa = PBXBuildFile; fileRef = E659B0AD21D2FC8500928D60 /* RestarantsListPresenter.swift */; };
		E659B0B421D2FC8500928D60 /* RestarantsListWorker.swift in Sources */ = {isa = PBXBuildFile; fileRef = E659B0AE21D2FC8500928D60 /* RestarantsListWorker.swift */; };
		E659B0B521D2FC8500928D60 /* RestarantsListRouter.swift in Sources */ = {isa = PBXBuildFile; fileRef = E659B0AF21D2FC8500928D60 /* RestarantsListRouter.swift */; };
		E659B0B621D2FC8500928D60 /* RestarantsListModels.swift in Sources */ = {isa = PBXBuildFile; fileRef = E659B0B021D2FC8500928D60 /* RestarantsListModels.swift */; };
		E659B0B721D2FC8500928D60 /* RestarantsListViewController.swift in Sources */ = {isa = PBXBuildFile; fileRef = E659B0B121D2FC8500928D60 /* RestarantsListViewController.swift */; };
		E659B0B821D2FC8500928D60 /* RestarantsListInteractor.swift in Sources */ = {isa = PBXBuildFile; fileRef = E659B0B221D2FC8500928D60 /* RestarantsListInteractor.swift */; };
		E659B0BA21D2FE8200928D60 /* PickLocationOnMap.storyboard in Resources */ = {isa = PBXBuildFile; fileRef = E659B0B921D2FE8200928D60 /* PickLocationOnMap.storyboard */; };
		E659B0BC21D3015D00928D60 /* PickLocationOnMapRootView.swift in Sources */ = {isa = PBXBuildFile; fileRef = E659B0BB21D3015D00928D60 /* PickLocationOnMapRootView.swift */; };
		E659B0BE21D3244000928D60 /* PickLocationOnMapRootView.xib in Resources */ = {isa = PBXBuildFile; fileRef = E659B0BD21D3244000928D60 /* PickLocationOnMapRootView.xib */; };
		E659B0C021D3400B00928D60 /* RestaurantsList.storyboard in Resources */ = {isa = PBXBuildFile; fileRef = E659B0BF21D3400B00928D60 /* RestaurantsList.storyboard */; };
		E659B0C321D34C3100928D60 /* LocationManager.swift in Sources */ = {isa = PBXBuildFile; fileRef = E659B0C221D34C3100928D60 /* LocationManager.swift */; };
		E659B0C521D352B800928D60 /* GlobalConstatns.swift in Sources */ = {isa = PBXBuildFile; fileRef = E659B0C421D352B800928D60 /* GlobalConstatns.swift */; };
		E659B0CA21D38A7800928D60 /* CLPlacemark+Extensions.swift in Sources */ = {isa = PBXBuildFile; fileRef = E659B0C921D38A7800928D60 /* CLPlacemark+Extensions.swift */; };
/* End PBXBuildFile section */

/* Begin PBXContainerItemProxy section */
		E659B09021D2FAA500928D60 /* PBXContainerItemProxy */ = {
			isa = PBXContainerItemProxy;
			containerPortal = E659B07321D2FAA400928D60 /* Project object */;
			proxyType = 1;
			remoteGlobalIDString = E659B07A21D2FAA400928D60;
			remoteInfo = DoorDashDemo;
		};
/* End PBXContainerItemProxy section */

/* Begin PBXFileReference section */
		E659B07B21D2FAA400928D60 /* DoorDashDemo.app */ = {isa = PBXFileReference; explicitFileType = wrapper.application; includeInIndex = 0; path = DoorDashDemo.app; sourceTree = BUILT_PRODUCTS_DIR; };
		E659B07E21D2FAA400928D60 /* AppDelegate.swift */ = {isa = PBXFileReference; lastKnownFileType = sourcecode.swift; path = AppDelegate.swift; sourceTree = "<group>"; };
		E659B08521D2FAA500928D60 /* Assets.xcassets */ = {isa = PBXFileReference; lastKnownFileType = folder.assetcatalog; path = Assets.xcassets; sourceTree = "<group>"; };
		E659B08821D2FAA500928D60 /* Base */ = {isa = PBXFileReference; lastKnownFileType = file.storyboard; name = Base; path = Base.lproj/LaunchScreen.storyboard; sourceTree = "<group>"; };
		E659B08A21D2FAA500928D60 /* Info.plist */ = {isa = PBXFileReference; lastKnownFileType = text.plist.xml; path = Info.plist; sourceTree = "<group>"; };
		E659B08F21D2FAA500928D60 /* DoorDashDemoTests.xctest */ = {isa = PBXFileReference; explicitFileType = wrapper.cfbundle; includeInIndex = 0; path = DoorDashDemoTests.xctest; sourceTree = BUILT_PRODUCTS_DIR; };
		E659B09321D2FAA500928D60 /* DoorDashDemoTests.swift */ = {isa = PBXFileReference; lastKnownFileType = sourcecode.swift; path = DoorDashDemoTests.swift; sourceTree = "<group>"; };
		E659B09521D2FAA500928D60 /* Info.plist */ = {isa = PBXFileReference; lastKnownFileType = text.plist.xml; path = Info.plist; sourceTree = "<group>"; };
		E659B0A121D2FC5200928D60 /* PickLocationOnMapPresenter.swift */ = {isa = PBXFileReference; lastKnownFileType = sourcecode.swift; path = PickLocationOnMapPresenter.swift; sourceTree = "<group>"; };
		E659B0A221D2FC5200928D60 /* PickLocationOnMapWorker.swift */ = {isa = PBXFileReference; lastKnownFileType = sourcecode.swift; path = PickLocationOnMapWorker.swift; sourceTree = "<group>"; };
		E659B0A321D2FC5200928D60 /* PickLocationOnMapRouter.swift */ = {isa = PBXFileReference; lastKnownFileType = sourcecode.swift; path = PickLocationOnMapRouter.swift; sourceTree = "<group>"; };
		E659B0A421D2FC5200928D60 /* PickLocationOnMapModels.swift */ = {isa = PBXFileReference; lastKnownFileType = sourcecode.swift; path = PickLocationOnMapModels.swift; sourceTree = "<group>"; };
		E659B0A521D2FC5200928D60 /* PickLocationOnMapViewController.swift */ = {isa = PBXFileReference; lastKnownFileType = sourcecode.swift; path = PickLocationOnMapViewController.swift; sourceTree = "<group>"; };
		E659B0A621D2FC5200928D60 /* PickLocationOnMapInteractor.swift */ = {isa = PBXFileReference; lastKnownFileType = sourcecode.swift; path = PickLocationOnMapInteractor.swift; sourceTree = "<group>"; };
		E659B0AD21D2FC8500928D60 /* RestarantsListPresenter.swift */ = {isa = PBXFileReference; lastKnownFileType = sourcecode.swift; path = RestarantsListPresenter.swift; sourceTree = "<group>"; };
		E659B0AE21D2FC8500928D60 /* RestarantsListWorker.swift */ = {isa = PBXFileReference; lastKnownFileType = sourcecode.swift; path = RestarantsListWorker.swift; sourceTree = "<group>"; };
		E659B0AF21D2FC8500928D60 /* RestarantsListRouter.swift */ = {isa = PBXFileReference; lastKnownFileType = sourcecode.swift; path = RestarantsListRouter.swift; sourceTree = "<group>"; };
		E659B0B021D2FC8500928D60 /* RestarantsListModels.swift */ = {isa = PBXFileReference; lastKnownFileType = sourcecode.swift; path = RestarantsListModels.swift; sourceTree = "<group>"; };
		E659B0B121D2FC8500928D60 /* RestarantsListViewController.swift */ = {isa = PBXFileReference; lastKnownFileType = sourcecode.swift; path = RestarantsListViewController.swift; sourceTree = "<group>"; };
		E659B0B221D2FC8500928D60 /* RestarantsListInteractor.swift */ = {isa = PBXFileReference; lastKnownFileType = sourcecode.swift; path = RestarantsListInteractor.swift; sourceTree = "<group>"; };
		E659B0B921D2FE8200928D60 /* PickLocationOnMap.storyboard */ = {isa = PBXFileReference; lastKnownFileType = file.storyboard; path = PickLocationOnMap.storyboard; sourceTree = "<group>"; };
		E659B0BB21D3015D00928D60 /* PickLocationOnMapRootView.swift */ = {isa = PBXFileReference; lastKnownFileType = sourcecode.swift; path = PickLocationOnMapRootView.swift; sourceTree = "<group>"; };
		E659B0BD21D3244000928D60 /* PickLocationOnMapRootView.xib */ = {isa = PBXFileReference; lastKnownFileType = file.xib; path = PickLocationOnMapRootView.xib; sourceTree = "<group>"; };
		E659B0BF21D3400B00928D60 /* RestaurantsList.storyboard */ = {isa = PBXFileReference; lastKnownFileType = file.storyboard; path = RestaurantsList.storyboard; sourceTree = "<group>"; };
		E659B0C221D34C3100928D60 /* LocationManager.swift */ = {isa = PBXFileReference; lastKnownFileType = sourcecode.swift; path = LocationManager.swift; sourceTree = "<group>"; };
		E659B0C421D352B800928D60 /* GlobalConstatns.swift */ = {isa = PBXFileReference; lastKnownFileType = sourcecode.swift; path = GlobalConstatns.swift; sourceTree = "<group>"; };
		E659B0C921D38A7800928D60 /* CLPlacemark+Extensions.swift */ = {isa = PBXFileReference; lastKnownFileType = sourcecode.swift; path = "CLPlacemark+Extensions.swift"; sourceTree = "<group>"; };
/* End PBXFileReference section */

/* Begin PBXFrameworksBuildPhase section */
		E659B07821D2FAA400928D60 /* Frameworks */ = {
			isa = PBXFrameworksBuildPhase;
			buildActionMask = 2147483647;
			files = (
			);
			runOnlyForDeploymentPostprocessing = 0;
		};
		E659B08C21D2FAA500928D60 /* Frameworks */ = {
			isa = PBXFrameworksBuildPhase;
			buildActionMask = 2147483647;
			files = (
			);
			runOnlyForDeploymentPostprocessing = 0;
		};
/* End PBXFrameworksBuildPhase section */

/* Begin PBXGroup section */
		E659B07221D2FAA400928D60 = {
			isa = PBXGroup;
			children = (
				E659B07D21D2FAA400928D60 /* DoorDashDemo */,
				E659B09221D2FAA500928D60 /* DoorDashDemoTests */,
				E659B07C21D2FAA400928D60 /* Products */,
				E659B0C621D36A7900928D60 /* Frameworks */,
			);
			sourceTree = "<group>";
		};
		E659B07C21D2FAA400928D60 /* Products */ = {
			isa = PBXGroup;
			children = (
				E659B07B21D2FAA400928D60 /* DoorDashDemo.app */,
				E659B08F21D2FAA500928D60 /* DoorDashDemoTests.xctest */,
			);
			name = Products;
			sourceTree = "<group>";
		};
		E659B07D21D2FAA400928D60 /* DoorDashDemo */ = {
			isa = PBXGroup;
			children = (
				E659B0C121D34C1B00928D60 /* Shared */,
				E659B09E21D2FB8600928D60 /* PickLocationOnMapScene */,
				E659B09F21D2FBBB00928D60 /* RestaurantsListScene */,
				E659B0A021D2FBF000928D60 /* SupportingFiles */,
				E659B08521D2FAA500928D60 /* Assets.xcassets */,
				E659B08721D2FAA500928D60 /* LaunchScreen.storyboard */,
			);
			path = DoorDashDemo;
			sourceTree = "<group>";
		};
		E659B09221D2FAA500928D60 /* DoorDashDemoTests */ = {
			isa = PBXGroup;
			children = (
				E659B09321D2FAA500928D60 /* DoorDashDemoTests.swift */,
				E659B09521D2FAA500928D60 /* Info.plist */,
			);
			path = DoorDashDemoTests;
			sourceTree = "<group>";
		};
		E659B09E21D2FB8600928D60 /* PickLocationOnMapScene */ = {
			isa = PBXGroup;
			children = (
				E659B0A521D2FC5200928D60 /* PickLocationOnMapViewController.swift */,
				E659B0A621D2FC5200928D60 /* PickLocationOnMapInteractor.swift */,
				E659B0A121D2FC5200928D60 /* PickLocationOnMapPresenter.swift */,
				E659B0A321D2FC5200928D60 /* PickLocationOnMapRouter.swift */,
				E659B0A221D2FC5200928D60 /* PickLocationOnMapWorker.swift */,
				E659B0A421D2FC5200928D60 /* PickLocationOnMapModels.swift */,
				E659B0B921D2FE8200928D60 /* PickLocationOnMap.storyboard */,
				E659B0BB21D3015D00928D60 /* PickLocationOnMapRootView.swift */,
				E659B0BD21D3244000928D60 /* PickLocationOnMapRootView.xib */,
			);
			path = PickLocationOnMapScene;
			sourceTree = "<group>";
		};
		E659B09F21D2FBBB00928D60 /* RestaurantsListScene */ = {
			isa = PBXGroup;
			children = (
				E659B0B121D2FC8500928D60 /* RestarantsListViewController.swift */,
				E659B0B221D2FC8500928D60 /* RestarantsListInteractor.swift */,
				E659B0AD21D2FC8500928D60 /* RestarantsListPresenter.swift */,
				E659B0AF21D2FC8500928D60 /* RestarantsListRouter.swift */,
				E659B0AE21D2FC8500928D60 /* RestarantsListWorker.swift */,
				E659B0B021D2FC8500928D60 /* RestarantsListModels.swift */,
				E659B0BF21D3400B00928D60 /* RestaurantsList.storyboard */,
			);
			path = RestaurantsListScene;
			sourceTree = "<group>";
		};
		E659B0A021D2FBF000928D60 /* SupportingFiles */ = {
			isa = PBXGroup;
			children = (
				E659B07E21D2FAA400928D60 /* AppDelegate.swift */,
				E659B08A21D2FAA500928D60 /* Info.plist */,
			);
			path = SupportingFiles;
			sourceTree = "<group>";
		};
		E659B0C121D34C1B00928D60 /* Shared */ = {
			isa = PBXGroup;
			children = (
				E659B0CB21D399A500928D60 /* NetworkingService */,
				E659B0C221D34C3100928D60 /* LocationManager.swift */,
				E659B0C421D352B800928D60 /* GlobalConstatns.swift */,
				E659B0C921D38A7800928D60 /* CLPlacemark+Extensions.swift */,
			);
			path = Shared;
			sourceTree = "<group>";
		};
		E659B0C621D36A7900928D60 /* Frameworks */ = {
			isa = PBXGroup;
			children = (
			);
			name = Frameworks;
			sourceTree = "<group>";
		};
		E659B0CB21D399A500928D60 /* NetworkingService */ = {
			isa = PBXGroup;
			children = (
			);
			path = NetworkingService;
			sourceTree = "<group>";
		};
/* End PBXGroup section */

/* Begin PBXNativeTarget section */
		E659B07A21D2FAA400928D60 /* DoorDashDemo */ = {
			isa = PBXNativeTarget;
			buildConfigurationList = E659B09821D2FAA500928D60 /* Build configuration list for PBXNativeTarget "DoorDashDemo" */;
			buildPhases = (
				E659B07721D2FAA400928D60 /* Sources */,
				E659B07821D2FAA400928D60 /* Frameworks */,
				E659B07921D2FAA400928D60 /* Resources */,
			);
			buildRules = (
			);
			dependencies = (
			);
			name = DoorDashDemo;
			productName = DoorDashDemo;
			productReference = E659B07B21D2FAA400928D60 /* DoorDashDemo.app */;
			productType = "com.apple.product-type.application";
		};
		E659B08E21D2FAA500928D60 /* DoorDashDemoTests */ = {
			isa = PBXNativeTarget;
			buildConfigurationList = E659B09B21D2FAA500928D60 /* Build configuration list for PBXNativeTarget "DoorDashDemoTests" */;
			buildPhases = (
				E659B08B21D2FAA500928D60 /* Sources */,
				E659B08C21D2FAA500928D60 /* Frameworks */,
				E659B08D21D2FAA500928D60 /* Resources */,
			);
			buildRules = (
			);
			dependencies = (
				E659B09121D2FAA500928D60 /* PBXTargetDependency */,
			);
			name = DoorDashDemoTests;
			productName = DoorDashDemoTests;
			productReference = E659B08F21D2FAA500928D60 /* DoorDashDemoTests.xctest */;
			productType = "com.apple.product-type.bundle.unit-test";
		};
/* End PBXNativeTarget section */

/* Begin PBXProject section */
		E659B07321D2FAA400928D60 /* Project object */ = {
			isa = PBXProject;
			attributes = {
				LastSwiftUpdateCheck = 1010;
				LastUpgradeCheck = 1010;
				ORGANIZATIONNAME = "Saikumar Kankipati";
				TargetAttributes = {
					E659B07A21D2FAA400928D60 = {
						CreatedOnToolsVersion = 10.1;
						SystemCapabilities = {
							com.apple.Maps.iOS = {
								enabled = 0;
							};
						};
					};
					E659B08E21D2FAA500928D60 = {
						CreatedOnToolsVersion = 10.1;
						TestTargetID = E659B07A21D2FAA400928D60;
					};
				};
			};
			buildConfigurationList = E659B07621D2FAA400928D60 /* Build configuration list for PBXProject "DoorDashDemo" */;
			compatibilityVersion = "Xcode 9.3";
			developmentRegion = en;
			hasScannedForEncodings = 0;
			knownRegions = (
				en,
				Base,
			);
			mainGroup = E659B07221D2FAA400928D60;
			productRefGroup = E659B07C21D2FAA400928D60 /* Products */;
			projectDirPath = "";
			projectRoot = "";
			targets = (
				E659B07A21D2FAA400928D60 /* DoorDashDemo */,
				E659B08E21D2FAA500928D60 /* DoorDashDemoTests */,
			);
		};
/* End PBXProject section */

/* Begin PBXResourcesBuildPhase section */
		E659B07921D2FAA400928D60 /* Resources */ = {
			isa = PBXResourcesBuildPhase;
			buildActionMask = 2147483647;
			files = (
				E659B0BE21D3244000928D60 /* PickLocationOnMapRootView.xib in Resources */,
				E659B0BA21D2FE8200928D60 /* PickLocationOnMap.storyboard in Resources */,
				E659B0C021D3400B00928D60 /* RestaurantsList.storyboard in Resources */,
				E659B08921D2FAA500928D60 /* LaunchScreen.storyboard in Resources */,
				E659B08621D2FAA500928D60 /* Assets.xcassets in Resources */,
			);
			runOnlyForDeploymentPostprocessing = 0;
		};
		E659B08D21D2FAA500928D60 /* Resources */ = {
			isa = PBXResourcesBuildPhase;
			buildActionMask = 2147483647;
			files = (
			);
			runOnlyForDeploymentPostprocessing = 0;
		};
/* End PBXResourcesBuildPhase section */

/* Begin PBXSourcesBuildPhase section */
		E659B07721D2FAA400928D60 /* Sources */ = {
			isa = PBXSourcesBuildPhase;
			buildActionMask = 2147483647;
			files = (
				E659B0B421D2FC8500928D60 /* RestarantsListWorker.swift in Sources */,
				E659B0B821D2FC8500928D60 /* RestarantsListInteractor.swift in Sources */,
				E659B0C321D34C3100928D60 /* LocationManager.swift in Sources */,
				E659B0B521D2FC8500928D60 /* RestarantsListRouter.swift in Sources */,
				E659B0AA21D2FC5200928D60 /* PickLocationOnMapModels.swift in Sources */,
				E659B0BC21D3015D00928D60 /* PickLocationOnMapRootView.swift in Sources */,
				E659B0A921D2FC5200928D60 /* PickLocationOnMapRouter.swift in Sources */,
				E659B0A821D2FC5200928D60 /* PickLocationOnMapWorker.swift in Sources */,
				E659B0B621D2FC8500928D60 /* RestarantsListModels.swift in Sources */,
				E659B0B321D2FC8500928D60 /* RestarantsListPresenter.swift in Sources */,
				E659B0B721D2FC8500928D60 /* RestarantsListViewController.swift in Sources */,
				E659B0A721D2FC5200928D60 /* PickLocationOnMapPresenter.swift in Sources */,
				E659B0CA21D38A7800928D60 /* CLPlacemark+Extensions.swift in Sources */,
				E659B0AB21D2FC5200928D60 /* PickLocationOnMapViewController.swift in Sources */,
				E659B07F21D2FAA400928D60 /* AppDelegate.swift in Sources */,
				E659B0C521D352B800928D60 /* GlobalConstatns.swift in Sources */,
				E659B0AC21D2FC5200928D60 /* PickLocationOnMapInteractor.swift in Sources */,
			);
			runOnlyForDeploymentPostprocessing = 0;
		};
		E659B08B21D2FAA500928D60 /* Sources */ = {
			isa = PBXSourcesBuildPhase;
			buildActionMask = 2147483647;
			files = (
				E659B09421D2FAA500928D60 /* DoorDashDemoTests.swift in Sources */,
			);
			runOnlyForDeploymentPostprocessing = 0;
		};
/* End PBXSourcesBuildPhase section */

/* Begin PBXTargetDependency section */
		E659B09121D2FAA500928D60 /* PBXTargetDependency */ = {
			isa = PBXTargetDependency;
			target = E659B07A21D2FAA400928D60 /* DoorDashDemo */;
			targetProxy = E659B09021D2FAA500928D60 /* PBXContainerItemProxy */;
		};
/* End PBXTargetDependency section */

/* Begin PBXVariantGroup section */
		E659B08721D2FAA500928D60 /* LaunchScreen.storyboard */ = {
			isa = PBXVariantGroup;
			children = (
				E659B08821D2FAA500928D60 /* Base */,
			);
			name = LaunchScreen.storyboard;
			sourceTree = "<group>";
		};
/* End PBXVariantGroup section */

/* Begin XCBuildConfiguration section */
		E659B09621D2FAA500928D60 /* Debug */ = {
			isa = XCBuildConfiguration;
			buildSettings = {
				ALWAYS_SEARCH_USER_PATHS = NO;
				CLANG_ANALYZER_NONNULL = YES;
				CLANG_ANALYZER_NUMBER_OBJECT_CONVERSION = YES_AGGRESSIVE;
				CLANG_CXX_LANGUAGE_STANDARD = "gnu++14";
				CLANG_CXX_LIBRARY = "libc++";
				CLANG_ENABLE_MODULES = YES;
				CLANG_ENABLE_OBJC_ARC = YES;
				CLANG_ENABLE_OBJC_WEAK = YES;
				CLANG_WARN_BLOCK_CAPTURE_AUTORELEASING = YES;
				CLANG_WARN_BOOL_CONVERSION = YES;
				CLANG_WARN_COMMA = YES;
				CLANG_WARN_CONSTANT_CONVERSION = YES;
				CLANG_WARN_DEPRECATED_OBJC_IMPLEMENTATIONS = YES;
				CLANG_WARN_DIRECT_OBJC_ISA_USAGE = YES_ERROR;
				CLANG_WARN_DOCUMENTATION_COMMENTS = YES;
				CLANG_WARN_EMPTY_BODY = YES;
				CLANG_WARN_ENUM_CONVERSION = YES;
				CLANG_WARN_INFINITE_RECURSION = YES;
				CLANG_WARN_INT_CONVERSION = YES;
				CLANG_WARN_NON_LITERAL_NULL_CONVERSION = YES;
				CLANG_WARN_OBJC_IMPLICIT_RETAIN_SELF = YES;
				CLANG_WARN_OBJC_LITERAL_CONVERSION = YES;
				CLANG_WARN_OBJC_ROOT_CLASS = YES_ERROR;
				CLANG_WARN_RANGE_LOOP_ANALYSIS = YES;
				CLANG_WARN_STRICT_PROTOTYPES = YES;
				CLANG_WARN_SUSPICIOUS_MOVE = YES;
				CLANG_WARN_UNGUARDED_AVAILABILITY = YES_AGGRESSIVE;
				CLANG_WARN_UNREACHABLE_CODE = YES;
				CLANG_WARN__DUPLICATE_METHOD_MATCH = YES;
				CODE_SIGN_IDENTITY = "iPhone Developer";
				COPY_PHASE_STRIP = NO;
				DEBUG_INFORMATION_FORMAT = dwarf;
				ENABLE_STRICT_OBJC_MSGSEND = YES;
				ENABLE_TESTABILITY = YES;
				GCC_C_LANGUAGE_STANDARD = gnu11;
				GCC_DYNAMIC_NO_PIC = NO;
				GCC_NO_COMMON_BLOCKS = YES;
				GCC_OPTIMIZATION_LEVEL = 0;
				GCC_PREPROCESSOR_DEFINITIONS = (
					"DEBUG=1",
					"$(inherited)",
				);
				GCC_WARN_64_TO_32_BIT_CONVERSION = YES;
				GCC_WARN_ABOUT_RETURN_TYPE = YES_ERROR;
				GCC_WARN_UNDECLARED_SELECTOR = YES;
				GCC_WARN_UNINITIALIZED_AUTOS = YES_AGGRESSIVE;
				GCC_WARN_UNUSED_FUNCTION = YES;
				GCC_WARN_UNUSED_VARIABLE = YES;
				IPHONEOS_DEPLOYMENT_TARGET = 12.1;
				MTL_ENABLE_DEBUG_INFO = INCLUDE_SOURCE;
				MTL_FAST_MATH = YES;
				ONLY_ACTIVE_ARCH = YES;
				SDKROOT = iphoneos;
				SWIFT_ACTIVE_COMPILATION_CONDITIONS = DEBUG;
				SWIFT_OPTIMIZATION_LEVEL = "-Onone";
			};
			name = Debug;
		};
		E659B09721D2FAA500928D60 /* Release */ = {
			isa = XCBuildConfiguration;
			buildSettings = {
				ALWAYS_SEARCH_USER_PATHS = NO;
				CLANG_ANALYZER_NONNULL = YES;
				CLANG_ANALYZER_NUMBER_OBJECT_CONVERSION = YES_AGGRESSIVE;
				CLANG_CXX_LANGUAGE_STANDARD = "gnu++14";
				CLANG_CXX_LIBRARY = "libc++";
				CLANG_ENABLE_MODULES = YES;
				CLANG_ENABLE_OBJC_ARC = YES;
				CLANG_ENABLE_OBJC_WEAK = YES;
				CLANG_WARN_BLOCK_CAPTURE_AUTORELEASING = YES;
				CLANG_WARN_BOOL_CONVERSION = YES;
				CLANG_WARN_COMMA = YES;
				CLANG_WARN_CONSTANT_CONVERSION = YES;
				CLANG_WARN_DEPRECATED_OBJC_IMPLEMENTATIONS = YES;
				CLANG_WARN_DIRECT_OBJC_ISA_USAGE = YES_ERROR;
				CLANG_WARN_DOCUMENTATION_COMMENTS = YES;
				CLANG_WARN_EMPTY_BODY = YES;
				CLANG_WARN_ENUM_CONVERSION = YES;
				CLANG_WARN_INFINITE_RECURSION = YES;
				CLANG_WARN_INT_CONVERSION = YES;
				CLANG_WARN_NON_LITERAL_NULL_CONVERSION = YES;
				CLANG_WARN_OBJC_IMPLICIT_RETAIN_SELF = YES;
				CLANG_WARN_OBJC_LITERAL_CONVERSION = YES;
				CLANG_WARN_OBJC_ROOT_CLASS = YES_ERROR;
				CLANG_WARN_RANGE_LOOP_ANALYSIS = YES;
				CLANG_WARN_STRICT_PROTOTYPES = YES;
				CLANG_WARN_SUSPICIOUS_MOVE = YES;
				CLANG_WARN_UNGUARDED_AVAILABILITY = YES_AGGRESSIVE;
				CLANG_WARN_UNREACHABLE_CODE = YES;
				CLANG_WARN__DUPLICATE_METHOD_MATCH = YES;
				CODE_SIGN_IDENTITY = "iPhone Developer";
				COPY_PHASE_STRIP = NO;
				DEBUG_INFORMATION_FORMAT = "dwarf-with-dsym";
				ENABLE_NS_ASSERTIONS = NO;
				ENABLE_STRICT_OBJC_MSGSEND = YES;
				GCC_C_LANGUAGE_STANDARD = gnu11;
				GCC_NO_COMMON_BLOCKS = YES;
				GCC_WARN_64_TO_32_BIT_CONVERSION = YES;
				GCC_WARN_ABOUT_RETURN_TYPE = YES_ERROR;
				GCC_WARN_UNDECLARED_SELECTOR = YES;
				GCC_WARN_UNINITIALIZED_AUTOS = YES_AGGRESSIVE;
				GCC_WARN_UNUSED_FUNCTION = YES;
				GCC_WARN_UNUSED_VARIABLE = YES;
				IPHONEOS_DEPLOYMENT_TARGET = 12.1;
				MTL_ENABLE_DEBUG_INFO = NO;
				MTL_FAST_MATH = YES;
				SDKROOT = iphoneos;
				SWIFT_COMPILATION_MODE = wholemodule;
				SWIFT_OPTIMIZATION_LEVEL = "-O";
				VALIDATE_PRODUCT = YES;
			};
			name = Release;
		};
		E659B09921D2FAA500928D60 /* Debug */ = {
			isa = XCBuildConfiguration;
			buildSettings = {
				ASSETCATALOG_COMPILER_APPICON_NAME = AppIcon;
				CODE_SIGN_STYLE = Automatic;
				DEVELOPMENT_TEAM = YE89MA28Y3;
				INFOPLIST_FILE = "$(SRCROOT)/DoorDashDemo/SupportingFiles/Info.plist";
				IPHONEOS_DEPLOYMENT_TARGET = 11.0;
				LD_RUNPATH_SEARCH_PATHS = (
					"$(inherited)",
					"@executable_path/Frameworks",
				);
				PRODUCT_BUNDLE_IDENTIFIER = iOSBytes.DoorDashDemo;
				PRODUCT_NAME = "$(TARGET_NAME)";
				SWIFT_VERSION = 4.2;
				TARGETED_DEVICE_FAMILY = "1,2";
			};
			name = Debug;
		};
		E659B09A21D2FAA500928D60 /* Release */ = {
			isa = XCBuildConfiguration;
			buildSettings = {
				ASSETCATALOG_COMPILER_APPICON_NAME = AppIcon;
				CODE_SIGN_STYLE = Automatic;
				DEVELOPMENT_TEAM = YE89MA28Y3;
				INFOPLIST_FILE = "$(SRCROOT)/DoorDashDemo/SupportingFiles/Info.plist";
				IPHONEOS_DEPLOYMENT_TARGET = 11.0;
				LD_RUNPATH_SEARCH_PATHS = (
					"$(inherited)",
					"@executable_path/Frameworks",
				);
				PRODUCT_BUNDLE_IDENTIFIER = iOSBytes.DoorDashDemo;
				PRODUCT_NAME = "$(TARGET_NAME)";
				SWIFT_VERSION = 4.2;
				TARGETED_DEVICE_FAMILY = "1,2";
			};
			name = Release;
		};
		E659B09C21D2FAA500928D60 /* Debug */ = {
			isa = XCBuildConfiguration;
			buildSettings = {
				ALWAYS_EMBED_SWIFT_STANDARD_LIBRARIES = YES;
				BUNDLE_LOADER = "$(TEST_HOST)";
				CODE_SIGN_STYLE = Automatic;
				DEVELOPMENT_TEAM = YE89MA28Y3;
				INFOPLIST_FILE = DoorDashDemoTests/Info.plist;
				LD_RUNPATH_SEARCH_PATHS = (
					"$(inherited)",
					"@executable_path/Frameworks",
					"@loader_path/Frameworks",
				);
				PRODUCT_BUNDLE_IDENTIFIER = iOSBytes.DoorDashDemoTests;
				PRODUCT_NAME = "$(TARGET_NAME)";
				SWIFT_VERSION = 4.2;
				TARGETED_DEVICE_FAMILY = "1,2";
				TEST_HOST = "$(BUILT_PRODUCTS_DIR)/DoorDashDemo.app/DoorDashDemo";
			};
			name = Debug;
		};
		E659B09D21D2FAA500928D60 /* Release */ = {
			isa = XCBuildConfiguration;
			buildSettings = {
				ALWAYS_EMBED_SWIFT_STANDARD_LIBRARIES = YES;
				BUNDLE_LOADER = "$(TEST_HOST)";
				CODE_SIGN_STYLE = Automatic;
				DEVELOPMENT_TEAM = YE89MA28Y3;
				INFOPLIST_FILE = DoorDashDemoTests/Info.plist;
				LD_RUNPATH_SEARCH_PATHS = (
					"$(inherited)",
					"@executable_path/Frameworks",
					"@loader_path/Frameworks",
				);
				PRODUCT_BUNDLE_IDENTIFIER = iOSBytes.DoorDashDemoTests;
				PRODUCT_NAME = "$(TARGET_NAME)";
				SWIFT_VERSION = 4.2;
				TARGETED_DEVICE_FAMILY = "1,2";
				TEST_HOST = "$(BUILT_PRODUCTS_DIR)/DoorDashDemo.app/DoorDashDemo";
			};
			name = Release;
		};
/* End XCBuildConfiguration section */

/* Begin XCConfigurationList section */
		E659B07621D2FAA400928D60 /* Build configuration list for PBXProject "DoorDashDemo" */ = {
			isa = XCConfigurationList;
			buildConfigurations = (
				E659B09621D2FAA500928D60 /* Debug */,
				E659B09721D2FAA500928D60 /* Release */,
			);
			defaultConfigurationIsVisible = 0;
			defaultConfigurationName = Release;
		};
		E659B09821D2FAA500928D60 /* Build configuration list for PBXNativeTarget "DoorDashDemo" */ = {
			isa = XCConfigurationList;
			buildConfigurations = (
				E659B09921D2FAA500928D60 /* Debug */,
				E659B09A21D2FAA500928D60 /* Release */,
			);
			defaultConfigurationIsVisible = 0;
			defaultConfigurationName = Release;
		};
		E659B09B21D2FAA500928D60 /* Build configuration list for PBXNativeTarget "DoorDashDemoTests" */ = {
			isa = XCConfigurationList;
			buildConfigurations = (
				E659B09C21D2FAA500928D60 /* Debug */,
				E659B09D21D2FAA500928D60 /* Release */,
			);
			defaultConfigurationIsVisible = 0;
			defaultConfigurationName = Release;
		};
/* End XCConfigurationList section */
	};
	rootObject = E659B07321D2FAA400928D60 /* Project object */;
}
